
Microsoft Visual Studio Solution File, Format Version 12.00
# Visual Studio Version 17
VisualStudioVersion = 17.5.002.0
MinimumVisualStudioVersion = 10.0.40219.1
Project("{9A19103F-16F7-4668-BE54-9A1E7A4F7556}") = "longest-common-prefix", "longest-common-prefix.csproj", "{A913FF0C-B5B6-4273-B575-205490615ADB}"
EndProject
Global
	GlobalSection(SolutionConfigurationPlatforms) = preSolution
		Debug|Any CPU = Debug|Any CPU
		Release|Any CPU = Release|Any CPU
	EndGlobalSection
	GlobalSection(ProjectConfigurationPlatforms) = postSolution
		{A913FF0C-B5B6-4273-B575-205490615ADB}.Debug|Any CPU.ActiveCfg = Debug|Any CPU
		{A913FF0C-B5B6-4273-B575-205490615ADB}.Debug|Any CPU.Build.0 = Debug|Any CPU
		{A913FF0C-B5B6-4273-B575-205490615ADB}.Release|Any CPU.ActiveCfg = Release|Any CPU
		{A913FF0C-B5B6-4273-B575-205490615ADB}.Release|Any CPU.Build.0 = Release|Any CPU
	EndGlobalSection
	GlobalSection(SolutionProperties) = preSolution
		HideSolutionNode = FALSE
	EndGlobalSection
	GlobalSection(ExtensibilityGlobals) = postSolution
		SolutionGuid = {39B881C6-9E44-410F-A844-5202803F48EB}
	EndGlobalSection
EndGlobal
